# This file is automatically @generated by Cargo.
# It is not intended for manual editing.
[[package]]
name = "bench-ringbuf"
version = "0.1.0"
dependencies = [
 "ringbuf",
]

[[package]]
name = "ringbuf"
version = "0.2.2"
source = "registry+https://github.com/rust-lang/crates.io-index"
checksum = "605dc50025dcaaeb8ce2b6b3583432b446c80c90ecd8463569dba8a040e87886"
